<Solution>
  <Folder Name="/src/">
    <Project Path="src/Bolt.Theme/Bolt.Theme.csproj" />
    <Project Path="src/SvetaRecipes.App/SvetaRecipes.App.csproj" />
    <Project Path="src/SvetaRecipes.Core/SvetaRecipes.Core.csproj" />
    <Project Path="src/SvetaRecipes.Reports/SvetaRecipes.Reports.csproj" />
  </Folder>
  <Folder Name="/tests/">
    <Project Path="tests/SvetaRecipes.Core.Tests/SvetaRecipes.Core.Tests.csproj" />
  </Folder>
  <Folder Name="/tools/">
    <Project Path="tools/SvetaRecipes.Import/SvetaRecipes.Import.csproj" />
    <Project Path="tools/SvetaRecipes.Shots/SvetaRecipes.Shots.csproj" />
  </Folder>
</Solution>
